// !$*UTF8*$!
{
	archiveVersion = 1;
	classes = {
	};
	objectVersion = 46;
	objects = {

/* Begin PBXBuildFile section */
		226F68571F1156A7000465A6 /* PlaceMarker.swift in Sources */ = {isa = PBXBuildFile; fileRef = 226F68561F1156A7000465A6 /* PlaceMarker.swift */; };
		226F685B1F1A4F48000465A6 /* UIViewExtension.swift in Sources */ = {isa = PBXBuildFile; fileRef = 226F685A1F1A4F48000465A6 /* UIViewExtension.swift */; };
		226F685D1F1A5349000465A6 /* GoogleDataProvider.swift in Sources */ = {isa = PBXBuildFile; fileRef = 226F685C1F1A5349000465A6 /* GoogleDataProvider.swift */; };
		226F685F1F1A5D1A000465A6 /* MarkerInfoView.swift in Sources */ = {isa = PBXBuildFile; fileRef = 226F685E1F1A5D1A000465A6 /* MarkerInfoView.swift */; };
		22F61D031F10CEEC00C70616 /* AppDelegate.swift in Sources */ = {isa = PBXBuildFile; fileRef = 22F61D021F10CEEC00C70616 /* AppDelegate.swift */; };
		22F61D051F10CEEC00C70616 /* ViewController.swift in Sources */ = {isa = PBXBuildFile; fileRef = 22F61D041F10CEEC00C70616 /* ViewController.swift */; };
		22F61D081F10CEEC00C70616 /* Main.storyboard in Resources */ = {isa = PBXBuildFile; fileRef = 22F61D061F10CEEC00C70616 /* Main.storyboard */; };
		22F61D0A1F10CEEC00C70616 /* Assets.xcassets in Resources */ = {isa = PBXBuildFile; fileRef = 22F61D091F10CEEC00C70616 /* Assets.xcassets */; };
		22F61D0D1F10CEEC00C70616 /* LaunchScreen.storyboard in Resources */ = {isa = PBXBuildFile; fileRef = 22F61D0B1F10CEEC00C70616 /* LaunchScreen.storyboard */; };
		22F61D151F10D6DF00C70616 /* GoogleService-Info.plist in Resources */ = {isa = PBXBuildFile; fileRef = 22F61D141F10D6DF00C70616 /* GoogleService-Info.plist */; };
		805B151A425351DC65221B35 /* Pods_MapBlender.framework in Frameworks */ = {isa = PBXBuildFile; fileRef = E486FDC8CB610ABD9F4EA0B4 /* Pods_MapBlender.framework */; };
/* End PBXBuildFile section */

/* Begin PBXFileReference section */
		226F68561F1156A7000465A6 /* PlaceMarker.swift */ = {isa = PBXFileReference; fileEncoding = 4; lastKnownFileType = sourcecode.swift; path = PlaceMarker.swift; sourceTree = "<group>"; };
		226F685A1F1A4F48000465A6 /* UIViewExtension.swift */ = {isa = PBXFileReference; fileEncoding = 4; lastKnownFileType = sourcecode.swift; path = UIViewExtension.swift; sourceTree = "<group>"; };
		226F685C1F1A5349000465A6 /* GoogleDataProvider.swift */ = {isa = PBXFileReference; fileEncoding = 4; lastKnownFileType = sourcecode.swift; path = GoogleDataProvider.swift; sourceTree = "<group>"; };
		226F685E1F1A5D1A000465A6 /* MarkerInfoView.swift */ = {isa = PBXFileReference; fileEncoding = 4; lastKnownFileType = sourcecode.swift; path = MarkerInfoView.swift; sourceTree = "<group>"; };
		22F61CFF1F10CEEC00C70616 /* MapBlender.app */ = {isa = PBXFileReference; explicitFileType = wrapper.application; includeInIndex = 0; path = MapBlender.app; sourceTree = BUILT_PRODUCTS_DIR; };
		22F61D021F10CEEC00C70616 /* AppDelegate.swift */ = {isa = PBXFileReference; lastKnownFileType = sourcecode.swift; path = AppDelegate.swift; sourceTree = "<group>"; };
		22F61D041F10CEEC00C70616 /* ViewController.swift */ = {isa = PBXFileReference; lastKnownFileType = sourcecode.swift; path = ViewController.swift; sourceTree = "<group>"; };
		22F61D071F10CEEC00C70616 /* Base */ = {isa = PBXFileReference; lastKnownFileType = file.storyboard; name = Base; path = Base.lproj/Main.storyboard; sourceTree = "<group>"; };
		22F61D091F10CEEC00C70616 /* Assets.xcassets */ = {isa = PBXFileReference; lastKnownFileType = folder.assetcatalog; path = Assets.xcassets; sourceTree = "<group>"; };
		22F61D0C1F10CEEC00C70616 /* Base */ = {isa = PBXFileReference; lastKnownFileType = file.storyboard; name = Base; path = Base.lproj/LaunchScreen.storyboard; sourceTree = "<group>"; };
		22F61D0E1F10CEEC00C70616 /* Info.plist */ = {isa = PBXFileReference; lastKnownFileType = text.plist.xml; path = Info.plist; sourceTree = "<group>"; };
		22F61D141F10D6DF00C70616 /* GoogleService-Info.plist */ = {isa = PBXFileReference; fileEncoding = 4; lastKnownFileType = text.plist.xml; path = "GoogleService-Info.plist"; sourceTree = "<group>"; };
		4F2D377B9660B106C190058D /* Pods-MapBlender.release.xcconfig */ = {isa = PBXFileReference; includeInIndex = 1; lastKnownFileType = text.xcconfig; name = "Pods-MapBlender.release.xcconfig"; path = "Pods/Target Support Files/Pods-MapBlender/Pods-MapBlender.release.xcconfig"; sourceTree = "<group>"; };
		B1DEA6E45A9BA663BC12092B /* Pods-MapBlender.debug.xcconfig */ = {isa = PBXFileReference; includeInIndex = 1; lastKnownFileType = text.xcconfig; name = "Pods-MapBlender.debug.xcconfig"; path = "Pods/Target Support Files/Pods-MapBlender/Pods-MapBlender.debug.xcconfig"; sourceTree = "<group>"; };
		E486FDC8CB610ABD9F4EA0B4 /* Pods_MapBlender.framework */ = {isa = PBXFileReference; explicitFileType = wrapper.framework; includeInIndex = 0; path = Pods_MapBlender.framework; sourceTree = BUILT_PRODUCTS_DIR; };
/* End PBXFileReference section */

/* Begin PBXFrameworksBuildPhase section */
		22F61CFC1F10CEEC00C70616 /* Frameworks */ = {
			isa = PBXFrameworksBuildPhase;
			buildActionMask = 2147483647;
			files = (
				805B151A425351DC65221B35 /* Pods_MapBlender.framework in Frameworks */,
			);
			runOnlyForDeploymentPostprocessing = 0;
		};
/* End PBXFrameworksBuildPhase section */

/* Begin PBXGroup section */
		02B59DE2571091C968C41FCB /* Frameworks */ = {
			isa = PBXGroup;
			children = (
				E486FDC8CB610ABD9F4EA0B4 /* Pods_MapBlender.framework */,
			);
			name = Frameworks;
			sourceTree = "<group>";
		};
		22F61CF61F10CEEC00C70616 = {
			isa = PBXGroup;
			children = (
				22F61D011F10CEEC00C70616 /* MapBlender */,
				22F61D001F10CEEC00C70616 /* Products */,
				7516B464C89BA7859063802F /* Pods */,
				02B59DE2571091C968C41FCB /* Frameworks */,
			);
			sourceTree = "<group>";
		};
		22F61D001F10CEEC00C70616 /* Products */ = {
			isa = PBXGroup;
			children = (
				22F61CFF1F10CEEC00C70616 /* MapBlender.app */,
			);
			name = Products;
			sourceTree = "<group>";
		};
		22F61D011F10CEEC00C70616 /* MapBlender */ = {
			isa = PBXGroup;
			children = (
				22F61D021F10CEEC00C70616 /* AppDelegate.swift */,
				22F61D141F10D6DF00C70616 /* GoogleService-Info.plist */,
				22F61D041F10CEEC00C70616 /* ViewController.swift */,
				226F685E1F1A5D1A000465A6 /* MarkerInfoView.swift */,
				22F61D061F10CEEC00C70616 /* Main.storyboard */,
				22F61D091F10CEEC00C70616 /* Assets.xcassets */,
				22F61D0B1F10CEEC00C70616 /* LaunchScreen.storyboard */,
				22F61D0E1F10CEEC00C70616 /* Info.plist */,
				226F685C1F1A5349000465A6 /* GoogleDataProvider.swift */,
				226F68561F1156A7000465A6 /* PlaceMarker.swift */,
				226F685A1F1A4F48000465A6 /* UIViewExtension.swift */,
			);
			path = MapBlender;
			sourceTree = "<group>";
		};
		7516B464C89BA7859063802F /* Pods */ = {
			isa = PBXGroup;
			children = (
				B1DEA6E45A9BA663BC12092B /* Pods-MapBlender.debug.xcconfig */,
				4F2D377B9660B106C190058D /* Pods-MapBlender.release.xcconfig */,
			);
			name = Pods;
			sourceTree = "<group>";
		};
/* End PBXGroup section */

/* Begin PBXNativeTarget section */
		22F61CFE1F10CEEC00C70616 /* MapBlender */ = {
			isa = PBXNativeTarget;
			buildConfigurationList = 22F61D111F10CEEC00C70616 /* Build configuration list for PBXNativeTarget "MapBlender" */;
			buildPhases = (
				48BAE411F6EE7423C335284A /* [CP] Check Pods Manifest.lock */,
				22F61CFB1F10CEEC00C70616 /* Sources */,
				22F61CFC1F10CEEC00C70616 /* Frameworks */,
				22F61CFD1F10CEEC00C70616 /* Resources */,
				2A53B41E38DA54CC5B6A4E4E /* [CP] Embed Pods Frameworks */,
				D5BC6011502D537DCC941575 /* [CP] Copy Pods Resources */,
			);
			buildRules = (
			);
			dependencies = (
			);
			name = MapBlender;
			productName = MapBlender;
			productReference = 22F61CFF1F10CEEC00C70616 /* MapBlender.app */;
			productType = "com.apple.product-type.application";
		};
/* End PBXNativeTarget section */

/* Begin PBXProject section */
		22F61CF71F10CEEC00C70616 /* Project object */ = {
			isa = PBXProject;
			attributes = {
				LastSwiftUpdateCheck = 0820;
				LastUpgradeCheck = 0820;
				ORGANIZATIONNAME = MacOS;
				TargetAttributes = {
					22F61CFE1F10CEEC00C70616 = {
						CreatedOnToolsVersion = 8.2.1;
						DevelopmentTeam = WMB7V6QTPE;
						ProvisioningStyle = Automatic;
					};
				};
			};
			buildConfigurationList = 22F61CFA1F10CEEC00C70616 /* Build configuration list for PBXProject "MapBlender" */;
			compatibilityVersion = "Xcode 3.2";
			developmentRegion = English;
			hasScannedForEncodings = 0;
			knownRegions = (
				en,
				Base,
			);
			mainGroup = 22F61CF61F10CEEC00C70616;
			productRefGroup = 22F61D001F10CEEC00C70616 /* Products */;
			projectDirPath = "";
			projectRoot = "";
			targets = (
				22F61CFE1F10CEEC00C70616 /* MapBlender */,
			);
		};
/* End PBXProject section */

/* Begin PBXResourcesBuildPhase section */
		22F61CFD1F10CEEC00C70616 /* Resources */ = {
			isa = PBXResourcesBuildPhase;
			buildActionMask = 2147483647;
			files = (
				22F61D0D1F10CEEC00C70616 /* LaunchScreen.storyboard in Resources */,
				22F61D151F10D6DF00C70616 /* GoogleService-Info.plist in Resources */,
				22F61D0A1F10CEEC00C70616 /* Assets.xcassets in Resources */,
				22F61D081F10CEEC00C70616 /* Main.storyboard in Resources */,
			);
			runOnlyForDeploymentPostprocessing = 0;
		};
/* End PBXResourcesBuildPhase section */

/* Begin PBXShellScriptBuildPhase section */
		2A53B41E38DA54CC5B6A4E4E /* [CP] Embed Pods Frameworks */ = {
			isa = PBXShellScriptBuildPhase;
			buildActionMask = 2147483647;
			files = (
			);
			inputPaths = (
			);
			name = "[CP] Embed Pods Frameworks";
			outputPaths = (
			);
			runOnlyForDeploymentPostprocessing = 0;
			shellPath = /bin/sh;
			shellScript = "\"${SRCROOT}/Pods/Target Support Files/Pods-MapBlender/Pods-MapBlender-frameworks.sh\"\n";
			showEnvVarsInLog = 0;
		};
		48BAE411F6EE7423C335284A /* [CP] Check Pods Manifest.lock */ = {
			isa = PBXShellScriptBuildPhase;
			buildActionMask = 2147483647;
			files = (
			);
			inputPaths = (
			);
			name = "[CP] Check Pods Manifest.lock";
			outputPaths = (
			);
			runOnlyForDeploymentPostprocessing = 0;
			shellPath = /bin/sh;
			shellScript = "diff \"${PODS_PODFILE_DIR_PATH}/Podfile.lock\" \"${PODS_ROOT}/Manifest.lock\" > /dev/null\nif [ $? != 0 ] ; then\n    # print error to STDERR\n    echo \"error: The sandbox is not in sync with the Podfile.lock. Run 'pod install' or update your CocoaPods installation.\" >&2\n    exit 1\nfi\n";
			showEnvVarsInLog = 0;
		};
		D5BC6011502D537DCC941575 /* [CP] Copy Pods Resources */ = {
			isa = PBXShellScriptBuildPhase;
			buildActionMask = 2147483647;
			files = (
			);
			inputPaths = (
			);
			name = "[CP] Copy Pods Resources";
			outputPaths = (
			);
			runOnlyForDeploymentPostprocessing = 0;
			shellPath = /bin/sh;
			shellScript = "\"${SRCROOT}/Pods/Target Support Files/Pods-MapBlender/Pods-MapBlender-resources.sh\"\n";
			showEnvVarsInLog = 0;
		};
/* End PBXShellScriptBuildPhase section */

/* Begin PBXSourcesBuildPhase section */
		22F61CFB1F10CEEC00C70616 /* Sources */ = {
			isa = PBXSourcesBuildPhase;
			buildActionMask = 2147483647;
			files = (
				226F685D1F1A5349000465A6 /* GoogleDataProvider.swift in Sources */,
				226F685B1F1A4F48000465A6 /* UIViewExtension.swift in Sources */,
				22F61D051F10CEEC00C70616 /* ViewController.swift in Sources */,
				226F68571F1156A7000465A6 /* PlaceMarker.swift in Sources */,
				226F685F1F1A5D1A000465A6 /* MarkerInfoView.swift in Sources */,
				22F61D031F10CEEC00C70616 /* AppDelegate.swift in Sources */,
			);
			runOnlyForDeploymentPostprocessing = 0;
		};
/* End PBXSourcesBuildPhase section */

/* Begin PBXVariantGroup section */
		22F61D061F10CEEC00C70616 /* Main.storyboard */ = {
			isa = PBXVariantGroup;
			children = (
				22F61D071F10CEEC00C70616 /* Base */,
			);
			name = Main.storyboard;
			sourceTree = "<group>";
		};
		22F61D0B1F10CEEC00C70616 /* LaunchScreen.storyboard */ = {
			isa = PBXVariantGroup;
			children = (
				22F61D0C1F10CEEC00C70616 /* Base */,
			);
			name = LaunchScreen.storyboard;
			sourceTree = "<group>";
		};
/* End PBXVariantGroup section */

/* Begin XCBuildConfiguration section */
		22F61D0F1F10CEEC00C70616 /* Debug */ = {
			isa = XCBuildConfiguration;
			buildSettings = {
				ALWAYS_SEARCH_USER_PATHS = NO;
				CLANG_ANALYZER_NONNULL = YES;
				CLANG_CXX_LANGUAGE_STANDARD = "gnu++0x";
				CLANG_CXX_LIBRARY = "libc++";
				CLANG_ENABLE_MODULES = YES;
				CLANG_ENABLE_OBJC_ARC = YES;
				CLANG_WARN_BOOL_CONVERSION = YES;
				CLANG_WARN_CONSTANT_CONVERSION = YES;
				CLANG_WARN_DIRECT_OBJC_ISA_USAGE = YES_ERROR;
				CLANG_WARN_DOCUMENTATION_COMMENTS = YES;
				CLANG_WARN_EMPTY_BODY = YES;
				CLANG_WARN_ENUM_CONVERSION = YES;
				CLANG_WARN_INFINITE_RECURSION = YES;
				CLANG_WARN_INT_CONVERSION = YES;
				CLANG_WARN_OBJC_ROOT_CLASS = YES_ERROR;
				CLANG_WARN_SUSPICIOUS_MOVE = YES;
				CLANG_WARN_UNREACHABLE_CODE = YES;
				CLANG_WARN__DUPLICATE_METHOD_MATCH = YES;
				"CODE_SIGN_IDENTITY[sdk=iphoneos*]" = "iPhone Developer";
				COPY_PHASE_STRIP = NO;
				DEBUG_INFORMATION_FORMAT = dwarf;
				ENABLE_STRICT_OBJC_MSGSEND = YES;
				ENABLE_TESTABILITY = YES;
				GCC_C_LANGUAGE_STANDARD = gnu99;
				GCC_DYNAMIC_NO_PIC = NO;
				GCC_NO_COMMON_BLOCKS = YES;
				GCC_OPTIMIZATION_LEVEL = 0;
				GCC_PREPROCESSOR_DEFINITIONS = (
					"DEBUG=1",
					"$(inherited)",
				);
				GCC_WARN_64_TO_32_BIT_CONVERSION = YES;
				GCC_WARN_ABOUT_RETURN_TYPE = YES_ERROR;
				GCC_WARN_UNDECLARED_SELECTOR = YES;
				GCC_WARN_UNINITIALIZED_AUTOS = YES_AGGRESSIVE;
				GCC_WARN_UNUSED_FUNCTION = YES;
				GCC_WARN_UNUSED_VARIABLE = YES;
				IPHONEOS_DEPLOYMENT_TARGET = 10.2;
				MTL_ENABLE_DEBUG_INFO = YES;
				ONLY_ACTIVE_ARCH = YES;
				SDKROOT = iphoneos;
				SWIFT_ACTIVE_COMPILATION_CONDITIONS = DEBUG;
				SWIFT_OPTIMIZATION_LEVEL = "-Onone";
			};
			name = Debug;
		};
		22F61D101F10CEEC00C70616 /* Release */ = {
			isa = XCBuildConfiguration;
			buildSettings = {
				ALWAYS_SEARCH_USER_PATHS = NO;
				CLANG_ANALYZER_NONNULL = YES;
				CLANG_CXX_LANGUAGE_STANDARD = "gnu++0x";
				CLANG_CXX_LIBRARY = "libc++";
				CLANG_ENABLE_MODULES = YES;
				CLANG_ENABLE_OBJC_ARC = YES;
				CLANG_WARN_BOOL_CONVERSION = YES;
				CLANG_WARN_CONSTANT_CONVERSION = YES;
				CLANG_WARN_DIRECT_OBJC_ISA_USAGE = YES_ERROR;
				CLANG_WARN_DOCUMENTATION_COMMENTS = YES;
				CLANG_WARN_EMPTY_BODY = YES;
				CLANG_WARN_ENUM_CONVERSION = YES;
				CLANG_WARN_INFINITE_RECURSION = YES;
				CLANG_WARN_INT_CONVERSION = YES;
				CLANG_WARN_OBJC_ROOT_CLASS = YES_ERROR;
				CLANG_WARN_SUSPICIOUS_MOVE = YES;
				CLANG_WARN_UNREACHABLE_CODE = YES;
				CLANG_WARN__DUPLICATE_METHOD_MATCH = YES;
				"CODE_SIGN_IDENTITY[sdk=iphoneos*]" = "iPhone Developer";
				COPY_PHASE_STRIP = NO;
				DEBUG_INFORMATION_FORMAT = "dwarf-with-dsym";
				ENABLE_NS_ASSERTIONS = NO;
				ENABLE_STRICT_OBJC_MSGSEND = YES;
				GCC_C_LANGUAGE_STANDARD = gnu99;
				GCC_NO_COMMON_BLOCKS = YES;
				GCC_WARN_64_TO_32_BIT_CONVERSION = YES;
				GCC_WARN_ABOUT_RETURN_TYPE = YES_ERROR;
				GCC_WARN_UNDECLARED_SELECTOR = YES;
				GCC_WARN_UNINITIALIZED_AUTOS = YES_AGGRESSIVE;
				GCC_WARN_UNUSED_FUNCTION = YES;
				GCC_WARN_UNUSED_VARIABLE = YES;
				IPHONEOS_DEPLOYMENT_TARGET = 10.2;
				MTL_ENABLE_DEBUG_INFO = NO;
				SDKROOT = iphoneos;
				SWIFT_OPTIMIZATION_LEVEL = "-Owholemodule";
				VALIDATE_PRODUCT = YES;
			};
			name = Release;
		};
		22F61D121F10CEEC00C70616 /* Debug */ = {
			isa = XCBuildConfiguration;
			baseConfigurationReference = B1DEA6E45A9BA663BC12092B /* Pods-MapBlender.debug.xcconfig */;
			buildSettings = {
				ASSETCATALOG_COMPILER_APPICON_NAME = AppIcon;
				DEVELOPMENT_TEAM = WMB7V6QTPE;
				INFOPLIST_FILE = MapBlender/Info.plist;
				IPHONEOS_DEPLOYMENT_TARGET = 10.2;
				LD_RUNPATH_SEARCH_PATHS = "$(inherited) @executable_path/Frameworks";
				PRODUCT_BUNDLE_IDENTIFIER = Or.MapBlender;
				PRODUCT_NAME = "$(TARGET_NAME)";
				SWIFT_VERSION = 3.0;
			};
			name = Debug;
		};
		22F61D131F10CEEC00C70616 /* Release */ = {
			isa = XCBuildConfiguration;
			baseConfigurationReference = 4F2D377B9660B106C190058D /* Pods-MapBlender.release.xcconfig */;
			buildSettings = {
				ASSETCATALOG_COMPILER_APPICON_NAME = AppIcon;
				DEVELOPMENT_TEAM = WMB7V6QTPE;
				INFOPLIST_FILE = MapBlender/Info.plist;
				IPHONEOS_DEPLOYMENT_TARGET = 10.2;
				LD_RUNPATH_SEARCH_PATHS = "$(inherited) @executable_path/Frameworks";
				PRODUCT_BUNDLE_IDENTIFIER = Or.MapBlender;
				PRODUCT_NAME = "$(TARGET_NAME)";
				SWIFT_VERSION = 3.0;
			};
			name = Release;
		};
/* End XCBuildConfiguration section */

/* Begin XCConfigurationList section */
		22F61CFA1F10CEEC00C70616 /* Build configuration list for PBXProject "MapBlender" */ = {
			isa = XCConfigurationList;
			buildConfigurations = (
				22F61D0F1F10CEEC00C70616 /* Debug */,
				22F61D101F10CEEC00C70616 /* Release */,
			);
			defaultConfigurationIsVisible = 0;
			defaultConfigurationName = Release;
		};
		22F61D111F10CEEC00C70616 /* Build configuration list for PBXNativeTarget "MapBlender" */ = {
			isa = XCConfigurationList;
			buildConfigurations = (
				22F61D121F10CEEC00C70616 /* Debug */,
				22F61D131F10CEEC00C70616 /* Release */,
			);
			defaultConfigurationIsVisible = 0;
			defaultConfigurationName = Release;
		};
/* End XCConfigurationList section */
	};
	rootObject = 22F61CF71F10CEEC00C70616 /* Project object */;
}
